
Microsoft Visual Studio Solution File, Format Version 12.00
# Visual Studio Version 17
VisualStudioVersion = 17.1.32210.238
MinimumVisualStudioVersion = 10.0.40219.1
Project("{FAE04EC0-301F-11D3-BF4B-00C04F79EFBC}") = "CSharp-Generic-Collections", "CSharp-Generic-Collections\CSharp-Generic-Collections.csproj", "{AA14BD2D-FACD-4DEA-BED1-AFD6A9B4CEB5}"
EndProject
Global
	GlobalSection(SolutionConfigurationPlatforms) = preSolution
		Debug|Any CPU = Debug|Any CPU
		Release|Any CPU = Release|Any CPU
	EndGlobalSection
	GlobalSection(ProjectConfigurationPlatforms) = postSolution
		{AA14BD2D-FACD-4DEA-BED1-AFD6A9B4CEB5}.Debug|Any CPU.ActiveCfg = Debug|Any CPU
		{AA14BD2D-FACD-4DEA-BED1-AFD6A9B4CEB5}.Debug|Any CPU.Build.0 = Debug|Any CPU
		{AA14BD2D-FACD-4DEA-BED1-AFD6A9B4CEB5}.Release|Any CPU.ActiveCfg = Release|Any CPU
		{AA14BD2D-FACD-4DEA-BED1-AFD6A9B4CEB5}.Release|Any CPU.Build.0 = Release|Any CPU
	EndGlobalSection
	GlobalSection(SolutionProperties) = preSolution
		HideSolutionNode = FALSE
	EndGlobalSection
	GlobalSection(ExtensibilityGlobals) = postSolution
		SolutionGuid = {251EBF98-2A41-410A-BD5E-E30981043171}
	EndGlobalSection
EndGlobal
